PODS:
  - AntDesignColor (0.1.0):
    - UIColor_Hex_Swift
  - UIColor_Hex_Swift (5.1.0)

DEPENDENCIES:
  - AntDesignColor (from `../`)

SPEC REPOS:
  trunk:
    - UIColor_Hex_Swift

EXTERNAL SOURCES:
  AntDesignColor:
    :path: "../"

SPEC CHECKSUMS:
  AntDesignColor: b43dd9167647422cb31650af04971b9dd70659ca
  UIColor_Hex_Swift: 8be7432edacb7fa91c78aa05ef3c30b66e4f9415

PODFILE CHECKSUM: 5b6891e94eda5da5a9679e6fb4c1dff90fe57ba7

COCOAPODS: 1.8.4
